
Microsoft Visual Studio Solution File, Format Version 12.00
# Visual Studio Version 17
VisualStudioVersion = 17.12.35707.178 d17.12
MinimumVisualStudioVersion = 10.0.40219.1
Project("{FAE04EC0-301F-11D3-BF4B-00C04F79EFBC}") = "WiproDay2ArrayDemo", "WiproDay2ArrayDemo.csproj", "{80AC5C8A-8CCB-4DF9-A32D-59AE22663866}"
EndProject
Project("{FAE04EC0-301F-11D3-BF4B-00C04F79EFBC}") = "jaggedArray", "..\jaggedArray\jaggedArray.csproj", "{F5431BAB-7EB9-4B36-985E-615501E96512}"
EndProject
Project("{FAE04EC0-301F-11D3-BF4B-00C04F79EFBC}") = "MultiDimensionalArray", "..\MultiDimensionalArray\MultiDimensionalArray.csproj", "{DF71159E-D872-432E-89AF-114CA07DB993}"
EndProject
Project("{FAE04EC0-301F-11D3-BF4B-00C04F79EFBC}") = "ConsoleApp2", "..\ConsoleApp2\ConsoleApp2.csproj", "{C6929F8F-01A2-431D-938C-AB7AB716FBB2}"
EndProject
Global
	GlobalSection(SolutionConfigurationPlatforms) = preSolution
		Debug|Any CPU = Debug|Any CPU
		Release|Any CPU = Release|Any CPU
	EndGlobalSection
	GlobalSection(ProjectConfigurationPlatforms) = postSolution
		{80AC5C8A-8CCB-4DF9-A32D-59AE22663866}.Debug|Any CPU.ActiveCfg = Debug|Any CPU
		{80AC5C8A-8CCB-4DF9-A32D-59AE22663866}.Debug|Any CPU.Build.0 = Debug|Any CPU
		{80AC5C8A-8CCB-4DF9-A32D-59AE22663866}.Release|Any CPU.ActiveCfg = Release|Any CPU
		{80AC5C8A-8CCB-4DF9-A32D-59AE22663866}.Release|Any CPU.Build.0 = Release|Any CPU
		{F5431BAB-7EB9-4B36-985E-615501E96512}.Debug|Any CPU.ActiveCfg = Debug|Any CPU
		{F5431BAB-7EB9-4B36-985E-615501E96512}.Debug|Any CPU.Build.0 = Debug|Any CPU
		{F5431BAB-7EB9-4B36-985E-615501E96512}.Release|Any CPU.ActiveCfg = Release|Any CPU
		{F5431BAB-7EB9-4B36-985E-615501E96512}.Release|Any CPU.Build.0 = Release|Any CPU
		{DF71159E-D872-432E-89AF-114CA07DB993}.Debug|Any CPU.ActiveCfg = Debug|Any CPU
		{DF71159E-D872-432E-89AF-114CA07DB993}.Debug|Any CPU.Build.0 = Debug|Any CPU
		{DF71159E-D872-432E-89AF-114CA07DB993}.Release|Any CPU.ActiveCfg = Release|Any CPU
		{DF71159E-D872-432E-89AF-114CA07DB993}.Release|Any CPU.Build.0 = Release|Any CPU
		{C6929F8F-01A2-431D-938C-AB7AB716FBB2}.Debug|Any CPU.ActiveCfg = Debug|Any CPU
		{C6929F8F-01A2-431D-938C-AB7AB716FBB2}.Debug|Any CPU.Build.0 = Debug|Any CPU
		{C6929F8F-01A2-431D-938C-AB7AB716FBB2}.Release|Any CPU.ActiveCfg = Release|Any CPU
		{C6929F8F-01A2-431D-938C-AB7AB716FBB2}.Release|Any CPU.Build.0 = Release|Any CPU
	EndGlobalSection
	GlobalSection(SolutionProperties) = preSolution
		HideSolutionNode = FALSE
	EndGlobalSection
EndGlobal
